<?xml version="1.0" encoding="utf-8"?>
<Project ToolsVersion="4.0" xmlns="http://schemas.microsoft.com/developer/msbuild/2003">
  <ItemGroup>
    <Filter Include="CivilEngine">
      <UniqueIdentifier>{B289E535-1E3F-5E2B-A733-580213E8542F}</UniqueIdentifier>
    </Filter>
    <Filter Include="CivilEngine\Events">
      <UniqueIdentifier>{56196D4E-42FD-2DA4-AB5D-28F797601826}</UniqueIdentifier>
    </Filter>
    <Filter Include="Platform">
      <UniqueIdentifier>{2AC788B4-1694-E3BF-3FAD-D1672BD9184E}</UniqueIdentifier>
    </Filter>
    <Filter Include="Platform\Windows">
      <UniqueIdentifier>{64FBD71A-50F4-F66C-7926-DCF1657ED678}</UniqueIdentifier>
    </Filter>
  </ItemGroup>
  <ItemGroup>
    <ClInclude Include="src\CivilEngine.h" />
    <ClInclude Include="src\CivilEngine\Application.h">
      <Filter>CivilEngine</Filter>
    </ClInclude>
    <ClInclude Include="src\CivilEngine\Core.h">
      <Filter>CivilEngine</Filter>
    </ClInclude>
    <ClInclude Include="src\CivilEngine\EntryPoint.h">
      <Filter>CivilEngine</Filter>
    </ClInclude>
    <ClInclude Include="src\CivilEngine\Events\ApplicationEvent.h">
      <Filter>CivilEngine\Events</Filter>
    </ClInclude>
    <ClInclude Include="src\CivilEngine\Events\Event.h">
      <Filter>CivilEngine\Events</Filter>
    </ClInclude>
    <ClInclude Include="src\CivilEngine\Events\KeyEvent.h">
      <Filter>CivilEngine\Events</Filter>
    </ClInclude>
    <ClInclude Include="src\CivilEngine\Events\MouseEvent.h">
      <Filter>CivilEngine\Events</Filter>
    </ClInclude>
    <ClInclude Include="src\CivilEngine\Layer.h">
      <Filter>CivilEngine</Filter>
    </ClInclude>
    <ClInclude Include="src\CivilEngine\LayerStack.h">
      <Filter>CivilEngine</Filter>
    </ClInclude>
    <ClInclude Include="src\CivilEngine\Log.h">
      <Filter>CivilEngine</Filter>
    </ClInclude>
    <ClInclude Include="src\CivilEngine\Window.h">
      <Filter>CivilEngine</Filter>
    </ClInclude>
    <ClInclude Include="src\Platform\Windows\WindowsWindow.h">
      <Filter>Platform\Windows</Filter>
    </ClInclude>
    <ClInclude Include="src\cepch.h" />
  </ItemGroup>
  <ItemGroup>
    <ClCompile Include="src\CivilEngine\Application.cpp">
      <Filter>CivilEngine</Filter>
    </ClCompile>
    <ClCompile Include="src\CivilEngine\Layer.cpp">
      <Filter>CivilEngine</Filter>
    </ClCompile>
    <ClCompile Include="src\CivilEngine\LayerStack.cpp">
      <Filter>CivilEngine</Filter>
    </ClCompile>
    <ClCompile Include="src\CivilEngine\Log.cpp">
      <Filter>CivilEngine</Filter>
    </ClCompile>
    <ClCompile Include="src\Platform\Windows\WindowsWindow.cpp">
      <Filter>Platform\Windows</Filter>
    </ClCompile>
    <ClCompile Include="src\cepch.cpp" />
  </ItemGroup>
</Project>